{
  "name": "collect",
  "version": "1.0.0",
  "lockfileVersion": 1,
  "requires": true,
  "dependencies": {
    "hammerjs": {
      "version": "2.0.8",
      "resolved": "https://registry.npmjs.org/hammerjs/-/hammerjs-2.0.8.tgz",
      "integrity": "sha1-BO93hiz/K7edMPdpIJWTAiK/YPE="
    },
    "i18next": {
      "version": "10.0.7",
      "resolved": "https://registry.npmjs.org/i18next/-/i18next-10.0.7.tgz",
      "integrity": "sha1-SkqsKqIYBLjKHRmxVya+4Q+9prQ="
    },
    "jquery": {
      "version": "3.2.1",
      "resolved": "https://registry.npmjs.org/jquery/-/jquery-3.2.1.tgz",
      "integrity": "sha1-XE2d5lKvbNCncBVKYxu6ErAVx4c="
    },
    "leaflet": {
      "version": "1.2.0",
      "resolved": "https://registry.npmjs.org/leaflet/-/leaflet-1.2.0.tgz",
      "integrity": "sha512-Bold8phAE6WcRsuwhofrQ7cOK1REFHaYIkKuj7+TBYK3ONKRpGGIb5oXR5akYotFnrWN0TWKh6Svlhflm3dogg=="
    },
    "materialize-css": {
      "version": "0.100.1",
      "resolved": "https://registry.npmjs.org/materialize-css/-/materialize-css-0.100.1.tgz",
      "integrity": "sha512-FMAC4R+DRA78ADNyDtfl7qcsT3y9fgVEWWNY9dq6keIVRxmwGFly7ZwNpXMJzf0qkqipEhLcx1rAIyj+hUJVKg==",
      "requires": {
        "hammerjs": "2.0.8",
        "jquery": "3.2.1"
      }
    },
    "requirejs": {
      "version": "2.3.5",
      "resolved": "https://registry.npmjs.org/requirejs/-/requirejs-2.3.5.tgz",
      "integrity": "sha512-svnO+aNcR/an9Dpi44C7KSAy5fFGLtmPbaaCeQaklUz8BQhS64tWWIIlvEA5jrWICzlO/X9KSzSeXFnZdBu8nw=="
    }
  }
}
